
Microsoft Visual Studio Solution File, Format Version 12.00
# Visual Studio 15
VisualStudioVersion = 15.0.28307.1831
MinimumVisualStudioVersion = 10.0.40219.1
Project("{D2ABAB84-BF74-430A-B69E-9DC6D40DDA17}") = "MovieLens_BI", "MovieLens_BI\MovieLens_BI.dwproj", "{904B079F-C106-4A9C-B4D3-934CFB32A313}"
EndProject
Global
	GlobalSection(SolutionConfigurationPlatforms) = preSolution
		Development|Default = Development|Default
	EndGlobalSection
	GlobalSection(ProjectConfigurationPlatforms) = postSolution
		{904B079F-C106-4A9C-B4D3-934CFB32A313}.Development|Default.ActiveCfg = Development
		{904B079F-C106-4A9C-B4D3-934CFB32A313}.Development|Default.Build.0 = Development
		{904B079F-C106-4A9C-B4D3-934CFB32A313}.Development|Default.Deploy.0 = Development
	EndGlobalSection
	GlobalSection(SolutionProperties) = preSolution
		HideSolutionNode = FALSE
	EndGlobalSection
	GlobalSection(ExtensibilityGlobals) = postSolution
		SolutionGuid = {5262A43F-9995-47C7-8BD8-7EA5FB215CC4}
	EndGlobalSection
EndGlobal
